
Microsoft Visual Studio Solution File, Format Version 12.00
# Visual Studio Version 16
VisualStudioVersion = 25.0.1703.8
MinimumVisualStudioVersion = 10.0.40219.1
Project("{FAE04EC0-301F-11D3-BF4B-00C04F79EFBC}") = "BRS_Prototype", "BRS_Prototype\BRS_Prototype.csproj", "{35F73450-242A-42E5-9564-6BDE120175CC}"
EndProject
Global
	GlobalSection(SolutionConfigurationPlatforms) = preSolution
		Debug|Any CPU = Debug|Any CPU
		Release|Any CPU = Release|Any CPU
	EndGlobalSection
	GlobalSection(ProjectConfigurationPlatforms) = postSolution
		{35F73450-242A-42E5-9564-6BDE120175CC}.Debug|Any CPU.ActiveCfg = Debug|Any CPU
		{35F73450-242A-42E5-9564-6BDE120175CC}.Debug|Any CPU.Build.0 = Debug|Any CPU
		{35F73450-242A-42E5-9564-6BDE120175CC}.Release|Any CPU.ActiveCfg = Release|Any CPU
		{35F73450-242A-42E5-9564-6BDE120175CC}.Release|Any CPU.Build.0 = Release|Any CPU
	EndGlobalSection
	GlobalSection(SolutionProperties) = preSolution
		HideSolutionNode = FALSE
	EndGlobalSection
	GlobalSection(ExtensibilityGlobals) = postSolution
		SolutionGuid = {C82922B3-6E25-4985-AE96-C4983F32BAE5}
	EndGlobalSection
EndGlobal
